
Microsoft Visual Studio Solution File, Format Version 12.00
# Visual Studio Version 17
VisualStudioVersion = 17.3.32922.545
MinimumVisualStudioVersion = 10.0.40219.1
Project("{9A19103F-16F7-4668-BE54-9A1E7A4F7556}") = "WeekTwo", "Generator\WeekTwo.csproj", "{FD80234F-334A-4F7B-B9A8-414AF16AC560}"
EndProject
Project("{2150E333-8FDC-42A3-9474-1A3956D46DE8}") = "Solution Items", "Solution Items", "{A2EBD2FA-4513-4665-BBA8-1015D864830E}"
	ProjectSection(SolutionItems) = preProject
		.editorconfig = .editorconfig
	EndProjectSection
EndProject
Global
	GlobalSection(SolutionConfigurationPlatforms) = preSolution
		Debug|Any CPU = Debug|Any CPU
		Release|Any CPU = Release|Any CPU
	EndGlobalSection
	GlobalSection(ProjectConfigurationPlatforms) = postSolution
		{FD80234F-334A-4F7B-B9A8-414AF16AC560}.Debug|Any CPU.ActiveCfg = Debug|Any CPU
		{FD80234F-334A-4F7B-B9A8-414AF16AC560}.Debug|Any CPU.Build.0 = Debug|Any CPU
		{FD80234F-334A-4F7B-B9A8-414AF16AC560}.Release|Any CPU.ActiveCfg = Release|Any CPU
		{FD80234F-334A-4F7B-B9A8-414AF16AC560}.Release|Any CPU.Build.0 = Release|Any CPU
	EndGlobalSection
	GlobalSection(SolutionProperties) = preSolution
		HideSolutionNode = FALSE
	EndGlobalSection
	GlobalSection(ExtensibilityGlobals) = postSolution
		SolutionGuid = {314F8C8F-523C-49E7-9D22-8B5502D990A8}
	EndGlobalSection
EndGlobal
